// !$*UTF8*$!
{
	archiveVersion = 1;
	classes = {
	};
	objectVersion = 56;
	objects = {

/* Begin PBXBuildFile section */
		4F3D10A12D4F1BAA00353079 /* StockRow.swift in Sources */ = {isa = PBXBuildFile; fileRef = 4F3D109B2D4F1BAA00353079 /* StockRow.swift */; };
		4F3D10A22D4F1BAA00353079 /* PortfolioCard.swift in Sources */ = {isa = PBXBuildFile; fileRef = 4F3D109C2D4F1BAA00353079 /* PortfolioCard.swift */; };
		4F3D10A32D4F1BAA00353079 /* InvestmentsView.swift in Sources */ = {isa = PBXBuildFile; fileRef = 4F3D109D2D4F1BAA00353079 /* InvestmentsView.swift */; };
		4F3D10A42D4F1BAA00353079 /* Portfolio.swift in Sources */ = {isa = PBXBuildFile; fileRef = 4F3D109F2D4F1BAA00353079 /* Portfolio.swift */; };
		4F3D10A52D4F1BAA00353079 /* Stock.swift in Sources */ = {isa = PBXBuildFile; fileRef = 4F3D10A02D4F1BAA00353079 /* Stock.swift */; };
		4F3D10A92D4F1F2D00353079 /* PortfolioView.swift in Sources */ = {isa = PBXBuildFile; fileRef = 4F3D10A82D4F1F2D00353079 /* PortfolioView.swift */; };
		4F3D10AB2D4F232D00353079 /* ImportInvestmentsView.swift in Sources */ = {isa = PBXBuildFile; fileRef = 4F3D10AA2D4F232D00353079 /* ImportInvestmentsView.swift */; };
		4F3D10AE2D4F264000353079 /* YahooFinanceService.swift in Sources */ = {isa = PBXBuildFile; fileRef = 4F3D10AD2D4F264000353079 /* YahooFinanceService.swift */; };
		4F851CAD2D4F165500285B11 /* stocks_aiApp.swift in Sources */ = {isa = PBXBuildFile; fileRef = 4F851CAC2D4F165500285B11 /* stocks_aiApp.swift */; };
		4F851CAF2D4F165500285B11 /* ContentView.swift in Sources */ = {isa = PBXBuildFile; fileRef = 4F851CAE2D4F165500285B11 /* ContentView.swift */; };
		4F851CB12D4F165500285B11 /* Item.swift in Sources */ = {isa = PBXBuildFile; fileRef = 4F851CB02D4F165500285B11 /* Item.swift */; };
		4F851CB32D4F165600285B11 /* Assets.xcassets in Resources */ = {isa = PBXBuildFile; fileRef = 4F851CB22D4F165600285B11 /* Assets.xcassets */; };
		4F851CB72D4F165600285B11 /* Preview Assets.xcassets in Resources */ = {isa = PBXBuildFile; fileRef = 4F851CB62D4F165600285B11 /* Preview Assets.xcassets */; };
/* End PBXBuildFile section */

/* Begin PBXFileReference section */
		4F3D109B2D4F1BAA00353079 /* StockRow.swift */ = {isa = PBXFileReference; fileEncoding = 4; lastKnownFileType = sourcecode.swift; path = StockRow.swift; sourceTree = "<group>"; };
		4F3D109C2D4F1BAA00353079 /* PortfolioCard.swift */ = {isa = PBXFileReference; fileEncoding = 4; lastKnownFileType = sourcecode.swift; path = PortfolioCard.swift; sourceTree = "<group>"; };
		4F3D109D2D4F1BAA00353079 /* InvestmentsView.swift */ = {isa = PBXFileReference; fileEncoding = 4; lastKnownFileType = sourcecode.swift; path = InvestmentsView.swift; sourceTree = "<group>"; };
		4F3D109F2D4F1BAA00353079 /* Portfolio.swift */ = {isa = PBXFileReference; fileEncoding = 4; lastKnownFileType = sourcecode.swift; path = Portfolio.swift; sourceTree = "<group>"; };
		4F3D10A02D4F1BAA00353079 /* Stock.swift */ = {isa = PBXFileReference; fileEncoding = 4; lastKnownFileType = sourcecode.swift; path = Stock.swift; sourceTree = "<group>"; };
		4F3D10A82D4F1F2D00353079 /* PortfolioView.swift */ = {isa = PBXFileReference; lastKnownFileType = sourcecode.swift; path = PortfolioView.swift; sourceTree = "<group>"; };
		4F3D10AA2D4F232D00353079 /* ImportInvestmentsView.swift */ = {isa = PBXFileReference; fileEncoding = 4; lastKnownFileType = sourcecode.swift; path = ImportInvestmentsView.swift; sourceTree = "<group>"; };
		4F3D10AD2D4F264000353079 /* YahooFinanceService.swift */ = {isa = PBXFileReference; fileEncoding = 4; lastKnownFileType = sourcecode.swift; path = YahooFinanceService.swift; sourceTree = "<group>"; };
		4F851CA92D4F165500285B11 /* stocks.ai.app */ = {isa = PBXFileReference; explicitFileType = wrapper.application; includeInIndex = 0; path = stocks.ai.app; sourceTree = BUILT_PRODUCTS_DIR; };
		4F851CAC2D4F165500285B11 /* stocks_aiApp.swift */ = {isa = PBXFileReference; lastKnownFileType = sourcecode.swift; path = stocks_aiApp.swift; sourceTree = "<group>"; };
		4F851CAE2D4F165500285B11 /* ContentView.swift */ = {isa = PBXFileReference; lastKnownFileType = sourcecode.swift; path = ContentView.swift; sourceTree = "<group>"; };
		4F851CB02D4F165500285B11 /* Item.swift */ = {isa = PBXFileReference; lastKnownFileType = sourcecode.swift; path = Item.swift; sourceTree = "<group>"; };
		4F851CB22D4F165600285B11 /* Assets.xcassets */ = {isa = PBXFileReference; lastKnownFileType = folder.assetcatalog; path = Assets.xcassets; sourceTree = "<group>"; };
		4F851CB42D4F165600285B11 /* stocks_ai.entitlements */ = {isa = PBXFileReference; lastKnownFileType = text.plist.entitlements; path = stocks_ai.entitlements; sourceTree = "<group>"; };
		4F851CB62D4F165600285B11 /* Preview Assets.xcassets */ = {isa = PBXFileReference; lastKnownFileType = folder.assetcatalog; path = "Preview Assets.xcassets"; sourceTree = "<group>"; };
		4F851CB82D4F165600285B11 /* Info.plist */ = {isa = PBXFileReference; lastKnownFileType = text.plist.xml; path = Info.plist; sourceTree = "<group>"; };
/* End PBXFileReference section */

/* Begin PBXFrameworksBuildPhase section */
		4F851CA62D4F165500285B11 /* Frameworks */ = {
			isa = PBXFrameworksBuildPhase;
			buildActionMask = 2147483647;
			files = (
			);
			runOnlyForDeploymentPostprocessing = 0;
		};
/* End PBXFrameworksBuildPhase section */

/* Begin PBXGroup section */
		4F3D109A2D4F1BAA00353079 /* Views */ = {
			isa = PBXGroup;
			children = (
				4F3D10AA2D4F232D00353079 /* ImportInvestmentsView.swift */,
				4F3D109B2D4F1BAA00353079 /* StockRow.swift */,
				4F3D109C2D4F1BAA00353079 /* PortfolioCard.swift */,
				4F3D109D2D4F1BAA00353079 /* InvestmentsView.swift */,
				4F3D10A82D4F1F2D00353079 /* PortfolioView.swift */,
			);
			path = Views;
			sourceTree = "<group>";
		};
		4F3D109E2D4F1BAA00353079 /* Models */ = {
			isa = PBXGroup;
			children = (
				4F3D109F2D4F1BAA00353079 /* Portfolio.swift */,
				4F3D10A02D4F1BAA00353079 /* Stock.swift */,
			);
			path = Models;
			sourceTree = "<group>";
		};
		4F3D10AC2D4F264000353079 /* Services */ = {
			isa = PBXGroup;
			children = (
				4F3D10AD2D4F264000353079 /* YahooFinanceService.swift */,
			);
			path = Services;
			sourceTree = "<group>";
		};
		4F851CA02D4F165500285B11 = {
			isa = PBXGroup;
			children = (
				4F851CAB2D4F165500285B11 /* stocks.ai */,
				4F851CAA2D4F165500285B11 /* Products */,
			);
			sourceTree = "<group>";
		};
		4F851CAA2D4F165500285B11 /* Products */ = {
			isa = PBXGroup;
			children = (
				4F851CA92D4F165500285B11 /* stocks.ai.app */,
			);
			name = Products;
			sourceTree = "<group>";
		};
		4F851CAB2D4F165500285B11 /* stocks.ai */ = {
			isa = PBXGroup;
			children = (
				4F3D10AC2D4F264000353079 /* Services */,
				4F3D109E2D4F1BAA00353079 /* Models */,
				4F3D109A2D4F1BAA00353079 /* Views */,
				4F851CAC2D4F165500285B11 /* stocks_aiApp.swift */,
				4F851CAE2D4F165500285B11 /* ContentView.swift */,
				4F851CB02D4F165500285B11 /* Item.swift */,
				4F851CB22D4F165600285B11 /* Assets.xcassets */,
				4F851CB42D4F165600285B11 /* stocks_ai.entitlements */,
				4F851CB82D4F165600285B11 /* Info.plist */,
				4F851CB52D4F165600285B11 /* Preview Content */,
			);
			path = stocks.ai;
			sourceTree = "<group>";
		};
		4F851CB52D4F165600285B11 /* Preview Content */ = {
			isa = PBXGroup;
			children = (
				4F851CB62D4F165600285B11 /* Preview Assets.xcassets */,
			);
			path = "Preview Content";
			sourceTree = "<group>";
		};
/* End PBXGroup section */

/* Begin PBXNativeTarget section */
		4F851CA82D4F165500285B11 /* stocks.ai */ = {
			isa = PBXNativeTarget;
			buildConfigurationList = 4F851CBB2D4F165600285B11 /* Build configuration list for PBXNativeTarget "stocks.ai" */;
			buildPhases = (
				4F851CA52D4F165500285B11 /* Sources */,
				4F851CA62D4F165500285B11 /* Frameworks */,
				4F851CA72D4F165500285B11 /* Resources */,
			);
			buildRules = (
			);
			dependencies = (
			);
			name = stocks.ai;
			productName = stocks.ai;
			productReference = 4F851CA92D4F165500285B11 /* stocks.ai.app */;
			productType = "com.apple.product-type.application";
		};
/* End PBXNativeTarget section */

/* Begin PBXProject section */
		4F851CA12D4F165500285B11 /* Project object */ = {
			isa = PBXProject;
			attributes = {
				BuildIndependentTargetsInParallel = 1;
				LastSwiftUpdateCheck = 1500;
				LastUpgradeCheck = 1500;
				TargetAttributes = {
					4F851CA82D4F165500285B11 = {
						CreatedOnToolsVersion = 15.0;
					};
				};
			};
			buildConfigurationList = 4F851CA42D4F165500285B11 /* Build configuration list for PBXProject "stocks.ai" */;
			compatibilityVersion = "Xcode 14.0";
			developmentRegion = en;
			hasScannedForEncodings = 0;
			knownRegions = (
				en,
				Base,
			);
			mainGroup = 4F851CA02D4F165500285B11;
			productRefGroup = 4F851CAA2D4F165500285B11 /* Products */;
			projectDirPath = "";
			projectRoot = "";
			targets = (
				4F851CA82D4F165500285B11 /* stocks.ai */,
			);
		};
/* End PBXProject section */

/* Begin PBXResourcesBuildPhase section */
		4F851CA72D4F165500285B11 /* Resources */ = {
			isa = PBXResourcesBuildPhase;
			buildActionMask = 2147483647;
			files = (
				4F851CB72D4F165600285B11 /* Preview Assets.xcassets in Resources */,
				4F851CB32D4F165600285B11 /* Assets.xcassets in Resources */,
			);
			runOnlyForDeploymentPostprocessing = 0;
		};
/* End PBXResourcesBuildPhase section */

/* Begin PBXSourcesBuildPhase section */
		4F851CA52D4F165500285B11 /* Sources */ = {
			isa = PBXSourcesBuildPhase;
			buildActionMask = 2147483647;
			files = (
				4F3D10A22D4F1BAA00353079 /* PortfolioCard.swift in Sources */,
				4F3D10A92D4F1F2D00353079 /* PortfolioView.swift in Sources */,
				4F3D10AB2D4F232D00353079 /* ImportInvestmentsView.swift in Sources */,
				4F3D10A32D4F1BAA00353079 /* InvestmentsView.swift in Sources */,
				4F3D10A52D4F1BAA00353079 /* Stock.swift in Sources */,
				4F851CAF2D4F165500285B11 /* ContentView.swift in Sources */,
				4F3D10A42D4F1BAA00353079 /* Portfolio.swift in Sources */,
				4F3D10A12D4F1BAA00353079 /* StockRow.swift in Sources */,
				4F3D10AE2D4F264000353079 /* YahooFinanceService.swift in Sources */,
				4F851CB12D4F165500285B11 /* Item.swift in Sources */,
				4F851CAD2D4F165500285B11 /* stocks_aiApp.swift in Sources */,
			);
			runOnlyForDeploymentPostprocessing = 0;
		};
/* End PBXSourcesBuildPhase section */

/* Begin XCBuildConfiguration section */
		4F851CB92D4F165600285B11 /* Debug */ = {
			isa = XCBuildConfiguration;
			buildSettings = {
				ALWAYS_SEARCH_USER_PATHS = NO;
				ASSETCATALOG_COMPILER_GENERATE_SWIFT_ASSET_SYMBOL_EXTENSIONS = YES;
				CLANG_ANALYZER_NONNULL = YES;
				CLANG_ANALYZER_NUMBER_OBJECT_CONVERSION = YES_AGGRESSIVE;
				CLANG_CXX_LANGUAGE_STANDARD = "gnu++20";
				CLANG_ENABLE_MODULES = YES;
				CLANG_ENABLE_OBJC_ARC = YES;
				CLANG_ENABLE_OBJC_WEAK = YES;
				CLANG_WARN_BLOCK_CAPTURE_AUTORELEASING = YES;
				CLANG_WARN_BOOL_CONVERSION = YES;
				CLANG_WARN_COMMA = YES;
				CLANG_WARN_CONSTANT_CONVERSION = YES;
				CLANG_WARN_DEPRECATED_OBJC_IMPLEMENTATIONS = YES;
				CLANG_WARN_DIRECT_OBJC_ISA_USAGE = YES_ERROR;
				CLANG_WARN_DOCUMENTATION_COMMENTS = YES;
				CLANG_WARN_EMPTY_BODY = YES;
				CLANG_WARN_ENUM_CONVERSION = YES;
				CLANG_WARN_INFINITE_RECURSION = YES;
				CLANG_WARN_INT_CONVERSION = YES;
				CLANG_WARN_NON_LITERAL_NULL_CONVERSION = YES;
				CLANG_WARN_OBJC_IMPLICIT_RETAIN_SELF = YES;
				CLANG_WARN_OBJC_LITERAL_CONVERSION = YES;
				CLANG_WARN_OBJC_ROOT_CLASS = YES_ERROR;
				CLANG_WARN_QUOTED_INCLUDE_IN_FRAMEWORK_HEADER = YES;
				CLANG_WARN_RANGE_LOOP_ANALYSIS = YES;
				CLANG_WARN_STRICT_PROTOTYPES = YES;
				CLANG_WARN_SUSPICIOUS_MOVE = YES;
				CLANG_WARN_UNGUARDED_AVAILABILITY = YES_AGGRESSIVE;
				CLANG_WARN_UNREACHABLE_CODE = YES;
				CLANG_WARN__DUPLICATE_METHOD_MATCH = YES;
				COPY_PHASE_STRIP = NO;
				DEBUG_INFORMATION_FORMAT = dwarf;
				ENABLE_STRICT_OBJC_MSGSEND = YES;
				ENABLE_TESTABILITY = YES;
				ENABLE_USER_SCRIPT_SANDBOXING = YES;
				GCC_C_LANGUAGE_STANDARD = gnu17;
				GCC_DYNAMIC_NO_PIC = NO;
				GCC_NO_COMMON_BLOCKS = YES;
				GCC_OPTIMIZATION_LEVEL = 0;
				GCC_PREPROCESSOR_DEFINITIONS = (
					"DEBUG=1",
					"$(inherited)",
				);
				GCC_WARN_64_TO_32_BIT_CONVERSION = YES;
				GCC_WARN_ABOUT_RETURN_TYPE = YES_ERROR;
				GCC_WARN_UNDECLARED_SELECTOR = YES;
				GCC_WARN_UNINITIALIZED_AUTOS = YES_AGGRESSIVE;
				GCC_WARN_UNUSED_FUNCTION = YES;
				GCC_WARN_UNUSED_VARIABLE = YES;
				LOCALIZATION_PREFERS_STRING_CATALOGS = YES;
				MTL_ENABLE_DEBUG_INFO = INCLUDE_SOURCE;
				MTL_FAST_MATH = YES;
				ONLY_ACTIVE_ARCH = YES;
				SWIFT_ACTIVE_COMPILATION_CONDITIONS = "DEBUG $(inherited)";
				SWIFT_OPTIMIZATION_LEVEL = "-Onone";
			};
			name = Debug;
		};
		4F851CBA2D4F165600285B11 /* Release */ = {
			isa = XCBuildConfiguration;
			buildSettings = {
				ALWAYS_SEARCH_USER_PATHS = NO;
				ASSETCATALOG_COMPILER_GENERATE_SWIFT_ASSET_SYMBOL_EXTENSIONS = YES;
				CLANG_ANALYZER_NONNULL = YES;
				CLANG_ANALYZER_NUMBER_OBJECT_CONVERSION = YES_AGGRESSIVE;
				CLANG_CXX_LANGUAGE_STANDARD = "gnu++20";
				CLANG_ENABLE_MODULES = YES;
				CLANG_ENABLE_OBJC_ARC = YES;
				CLANG_ENABLE_OBJC_WEAK = YES;
				CLANG_WARN_BLOCK_CAPTURE_AUTORELEASING = YES;
				CLANG_WARN_BOOL_CONVERSION = YES;
				CLANG_WARN_COMMA = YES;
				CLANG_WARN_CONSTANT_CONVERSION = YES;
				CLANG_WARN_DEPRECATED_OBJC_IMPLEMENTATIONS = YES;
				CLANG_WARN_DIRECT_OBJC_ISA_USAGE = YES_ERROR;
				CLANG_WARN_DOCUMENTATION_COMMENTS = YES;
				CLANG_WARN_EMPTY_BODY = YES;
				CLANG_WARN_ENUM_CONVERSION = YES;
				CLANG_WARN_INFINITE_RECURSION = YES;
				CLANG_WARN_INT_CONVERSION = YES;
				CLANG_WARN_NON_LITERAL_NULL_CONVERSION = YES;
				CLANG_WARN_OBJC_IMPLICIT_RETAIN_SELF = YES;
				CLANG_WARN_OBJC_LITERAL_CONVERSION = YES;
				CLANG_WARN_OBJC_ROOT_CLASS = YES_ERROR;
				CLANG_WARN_QUOTED_INCLUDE_IN_FRAMEWORK_HEADER = YES;
				CLANG_WARN_RANGE_LOOP_ANALYSIS = YES;
				CLANG_WARN_STRICT_PROTOTYPES = YES;
				CLANG_WARN_SUSPICIOUS_MOVE = YES;
				CLANG_WARN_UNGUARDED_AVAILABILITY = YES_AGGRESSIVE;
				CLANG_WARN_UNREACHABLE_CODE = YES;
				CLANG_WARN__DUPLICATE_METHOD_MATCH = YES;
				COPY_PHASE_STRIP = NO;
				DEBUG_INFORMATION_FORMAT = "dwarf-with-dsym";
				ENABLE_NS_ASSERTIONS = NO;
				ENABLE_STRICT_OBJC_MSGSEND = YES;
				ENABLE_USER_SCRIPT_SANDBOXING = YES;
				GCC_C_LANGUAGE_STANDARD = gnu17;
				GCC_NO_COMMON_BLOCKS = YES;
				GCC_WARN_64_TO_32_BIT_CONVERSION = YES;
				GCC_WARN_ABOUT_RETURN_TYPE = YES_ERROR;
				GCC_WARN_UNDECLARED_SELECTOR = YES;
				GCC_WARN_UNINITIALIZED_AUTOS = YES_AGGRESSIVE;
				GCC_WARN_UNUSED_FUNCTION = YES;
				GCC_WARN_UNUSED_VARIABLE = YES;
				LOCALIZATION_PREFERS_STRING_CATALOGS = YES;
				MTL_ENABLE_DEBUG_INFO = NO;
				MTL_FAST_MATH = YES;
				SWIFT_COMPILATION_MODE = wholemodule;
			};
			name = Release;
		};
		4F851CBC2D4F165600285B11 /* Debug */ = {
			isa = XCBuildConfiguration;
			buildSettings = {
				ASSETCATALOG_COMPILER_APPICON_NAME = AppIcon;
				ASSETCATALOG_COMPILER_GLOBAL_ACCENT_COLOR_NAME = AccentColor;
				CODE_SIGN_ENTITLEMENTS = stocks.ai/stocks_ai.entitlements;
				CODE_SIGN_STYLE = Automatic;
				CURRENT_PROJECT_VERSION = 1;
				DEVELOPMENT_ASSET_PATHS = "\"stocks.ai/Preview Content\"";
				DEVELOPMENT_TEAM = C28QWE5379;
				ENABLE_HARDENED_RUNTIME = YES;
				ENABLE_PREVIEWS = YES;
				GENERATE_INFOPLIST_FILE = YES;
				INFOPLIST_FILE = stocks.ai/Info.plist;
				"INFOPLIST_KEY_UIApplicationSceneManifest_Generation[sdk=iphoneos*]" = YES;
				"INFOPLIST_KEY_UIApplicationSceneManifest_Generation[sdk=iphonesimulator*]" = YES;
				"INFOPLIST_KEY_UIApplicationSupportsIndirectInputEvents[sdk=iphoneos*]" = YES;
				"INFOPLIST_KEY_UIApplicationSupportsIndirectInputEvents[sdk=iphonesimulator*]" = YES;
				"INFOPLIST_KEY_UILaunchScreen_Generation[sdk=iphoneos*]" = YES;
				"INFOPLIST_KEY_UILaunchScreen_Generation[sdk=iphonesimulator*]" = YES;
				"INFOPLIST_KEY_UIStatusBarStyle[sdk=iphoneos*]" = UIStatusBarStyleDefault;
				"INFOPLIST_KEY_UIStatusBarStyle[sdk=iphonesimulator*]" = UIStatusBarStyleDefault;
				INFOPLIST_KEY_UISupportedInterfaceOrientations_iPad = "UIInterfaceOrientationPortrait UIInterfaceOrientationPortraitUpsideDown UIInterfaceOrientationLandscapeLeft UIInterfaceOrientationLandscapeRight";
				INFOPLIST_KEY_UISupportedInterfaceOrientations_iPhone = "UIInterfaceOrientationPortrait UIInterfaceOrientationLandscapeLeft UIInterfaceOrientationLandscapeRight";
				IPHONEOS_DEPLOYMENT_TARGET = 17.0;
				LD_RUNPATH_SEARCH_PATHS = "@executable_path/Frameworks";
				"LD_RUNPATH_SEARCH_PATHS[sdk=macosx*]" = "@executable_path/../Frameworks";
				MACOSX_DEPLOYMENT_TARGET = 14.0;
				MARKETING_VERSION = 1.0;
				PRODUCT_BUNDLE_IDENTIFIER = "kohli.varun5.stocks-ai";
				PRODUCT_NAME = "$(TARGET_NAME)";
				SDKROOT = auto;
				SUPPORTED_PLATFORMS = "iphoneos iphonesimulator";
				SUPPORTS_MACCATALYST = NO;
				SUPPORTS_MAC_DESIGNED_FOR_IPHONE_IPAD = YES;
				SWIFT_EMIT_LOC_STRINGS = YES;
				SWIFT_VERSION = 5.0;
				TARGETED_DEVICE_FAMILY = "1,2";
			};
			name = Debug;
		};
		4F851CBD2D4F165600285B11 /* Release */ = {
			isa = XCBuildConfiguration;
			buildSettings = {
				ASSETCATALOG_COMPILER_APPICON_NAME = AppIcon;
				ASSETCATALOG_COMPILER_GLOBAL_ACCENT_COLOR_NAME = AccentColor;
				CODE_SIGN_ENTITLEMENTS = stocks.ai/stocks_ai.entitlements;
				CODE_SIGN_STYLE = Automatic;
				CURRENT_PROJECT_VERSION = 1;
				DEVELOPMENT_ASSET_PATHS = "\"stocks.ai/Preview Content\"";
				DEVELOPMENT_TEAM = C28QWE5379;
				ENABLE_HARDENED_RUNTIME = YES;
				ENABLE_PREVIEWS = YES;
				GENERATE_INFOPLIST_FILE = YES;
				INFOPLIST_FILE = stocks.ai/Info.plist;
				"INFOPLIST_KEY_UIApplicationSceneManifest_Generation[sdk=iphoneos*]" = YES;
				"INFOPLIST_KEY_UIApplicationSceneManifest_Generation[sdk=iphonesimulator*]" = YES;
				"INFOPLIST_KEY_UIApplicationSupportsIndirectInputEvents[sdk=iphoneos*]" = YES;
				"INFOPLIST_KEY_UIApplicationSupportsIndirectInputEvents[sdk=iphonesimulator*]" = YES;
				"INFOPLIST_KEY_UILaunchScreen_Generation[sdk=iphoneos*]" = YES;
				"INFOPLIST_KEY_UILaunchScreen_Generation[sdk=iphonesimulator*]" = YES;
				"INFOPLIST_KEY_UIStatusBarStyle[sdk=iphoneos*]" = UIStatusBarStyleDefault;
				"INFOPLIST_KEY_UIStatusBarStyle[sdk=iphonesimulator*]" = UIStatusBarStyleDefault;
				INFOPLIST_KEY_UISupportedInterfaceOrientations_iPad = "UIInterfaceOrientationPortrait UIInterfaceOrientationPortraitUpsideDown UIInterfaceOrientationLandscapeLeft UIInterfaceOrientationLandscapeRight";
				INFOPLIST_KEY_UISupportedInterfaceOrientations_iPhone = "UIInterfaceOrientationPortrait UIInterfaceOrientationLandscapeLeft UIInterfaceOrientationLandscapeRight";
				IPHONEOS_DEPLOYMENT_TARGET = 17.0;
				LD_RUNPATH_SEARCH_PATHS = "@executable_path/Frameworks";
				"LD_RUNPATH_SEARCH_PATHS[sdk=macosx*]" = "@executable_path/../Frameworks";
				MACOSX_DEPLOYMENT_TARGET = 14.0;
				MARKETING_VERSION = 1.0;
				PRODUCT_BUNDLE_IDENTIFIER = "kohli.varun5.stocks-ai";
				PRODUCT_NAME = "$(TARGET_NAME)";
				SDKROOT = auto;
				SUPPORTED_PLATFORMS = "iphoneos iphonesimulator";
				SUPPORTS_MACCATALYST = NO;
				SUPPORTS_MAC_DESIGNED_FOR_IPHONE_IPAD = YES;
				SWIFT_EMIT_LOC_STRINGS = YES;
				SWIFT_VERSION = 5.0;
				TARGETED_DEVICE_FAMILY = "1,2";
			};
			name = Release;
		};
/* End XCBuildConfiguration section */

/* Begin XCConfigurationList section */
		4F851CA42D4F165500285B11 /* Build configuration list for PBXProject "stocks.ai" */ = {
			isa = XCConfigurationList;
			buildConfigurations = (
				4F851CB92D4F165600285B11 /* Debug */,
				4F851CBA2D4F165600285B11 /* Release */,
			);
			defaultConfigurationIsVisible = 0;
			defaultConfigurationName = Release;
		};
		4F851CBB2D4F165600285B11 /* Build configuration list for PBXNativeTarget "stocks.ai" */ = {
			isa = XCConfigurationList;
			buildConfigurations = (
				4F851CBC2D4F165600285B11 /* Debug */,
				4F851CBD2D4F165600285B11 /* Release */,
			);
			defaultConfigurationIsVisible = 0;
			defaultConfigurationName = Release;
		};
/* End XCConfigurationList section */
	};
	rootObject = 4F851CA12D4F165500285B11 /* Project object */;
}
